
Microsoft Visual Studio Solution File, Format Version 12.00
# Visual Studio Version 16
VisualStudioVersion = 16.0.30804.86
MinimumVisualStudioVersion = 10.0.40219.1
Project("{9A19103F-16F7-4668-BE54-9A1E7A4F7556}") = "ArtificerExtended", "AltArtificerExtended\ArtificerExtended.csproj", "{43E91932-04B1-4340-BFD3-05505E615FF8}"
	ProjectSection(ProjectDependencies) = postProject
		{776A855E-9E36-4826-9941-7A9A008E9152} = {776A855E-9E36-4826-9941-7A9A008E9152}
	EndProjectSection
EndProject
Project("{9A19103F-16F7-4668-BE54-9A1E7A4F7556}") = "JetHack", "JetHack\JetHack.csproj", "{776A855E-9E36-4826-9941-7A9A008E9152}"
EndProject
Project("{FAE04EC0-301F-11D3-BF4B-00C04F79EFBC}") = "ThunderSurge", "ThunderSurge\ThunderSurge.csproj", "{7E7E997D-D8B4-4D17-AAE4-BF9B598031F9}"
EndProject
Global
	GlobalSection(SolutionConfigurationPlatforms) = preSolution
		Debug|Any CPU = Debug|Any CPU
		Release|Any CPU = Release|Any CPU
	EndGlobalSection
	GlobalSection(ProjectConfigurationPlatforms) = postSolution
		{43E91932-04B1-4340-BFD3-05505E615FF8}.Debug|Any CPU.ActiveCfg = Debug|Any CPU
		{43E91932-04B1-4340-BFD3-05505E615FF8}.Debug|Any CPU.Build.0 = Debug|Any CPU
		{43E91932-04B1-4340-BFD3-05505E615FF8}.Release|Any CPU.ActiveCfg = Release|Any CPU
		{43E91932-04B1-4340-BFD3-05505E615FF8}.Release|Any CPU.Build.0 = Release|Any CPU
		{776A855E-9E36-4826-9941-7A9A008E9152}.Debug|Any CPU.ActiveCfg = Debug|Any CPU
		{776A855E-9E36-4826-9941-7A9A008E9152}.Debug|Any CPU.Build.0 = Debug|Any CPU
		{776A855E-9E36-4826-9941-7A9A008E9152}.Release|Any CPU.ActiveCfg = Release|Any CPU
		{776A855E-9E36-4826-9941-7A9A008E9152}.Release|Any CPU.Build.0 = Release|Any CPU
		{7E7E997D-D8B4-4D17-AAE4-BF9B598031F9}.Debug|Any CPU.ActiveCfg = Debug|Any CPU
		{7E7E997D-D8B4-4D17-AAE4-BF9B598031F9}.Debug|Any CPU.Build.0 = Debug|Any CPU
		{7E7E997D-D8B4-4D17-AAE4-BF9B598031F9}.Release|Any CPU.ActiveCfg = Release|Any CPU
		{7E7E997D-D8B4-4D17-AAE4-BF9B598031F9}.Release|Any CPU.Build.0 = Release|Any CPU
	EndGlobalSection
	GlobalSection(SolutionProperties) = preSolution
		HideSolutionNode = FALSE
	EndGlobalSection
	GlobalSection(ExtensibilityGlobals) = postSolution
		SolutionGuid = {4CD6C3E4-601C-4970-BAA3-01794B0358DB}
	EndGlobalSection
EndGlobal
